
Microsoft Visual Studio Solution File, Format Version 12.00
# Visual Studio Version 16
VisualStudioVersion = 16.0.29709.97
MinimumVisualStudioVersion = 10.0.40219.1
Project("{FAE04EC0-301F-11D3-BF4B-00C04F79EFBC}") = "AngularBlogCore.API", "AngularBlogCore.API\AngularBlogCore.API.csproj", "{DDCFCAB6-0CB9-4D8C-97AF-716044CBD706}"
EndProject
Global
	GlobalSection(SolutionConfigurationPlatforms) = preSolution
		Debug|Any CPU = Debug|Any CPU
		Release|Any CPU = Release|Any CPU
	EndGlobalSection
	GlobalSection(ProjectConfigurationPlatforms) = postSolution
		{DDCFCAB6-0CB9-4D8C-97AF-716044CBD706}.Debug|Any CPU.ActiveCfg = Debug|Any CPU
		{DDCFCAB6-0CB9-4D8C-97AF-716044CBD706}.Debug|Any CPU.Build.0 = Debug|Any CPU
		{DDCFCAB6-0CB9-4D8C-97AF-716044CBD706}.Release|Any CPU.ActiveCfg = Release|Any CPU
		{DDCFCAB6-0CB9-4D8C-97AF-716044CBD706}.Release|Any CPU.Build.0 = Release|Any CPU
	EndGlobalSection
	GlobalSection(SolutionProperties) = preSolution
		HideSolutionNode = FALSE
	EndGlobalSection
	GlobalSection(ExtensibilityGlobals) = postSolution
		SolutionGuid = {93E0B204-DC1A-4BF9-B2D5-B1AA3E159E4B}
	EndGlobalSection
EndGlobal
